
Microsoft Visual Studio Solution File, Format Version 12.00
# Visual Studio Version 16
VisualStudioVersion = 16.0.32428.217
MinimumVisualStudioVersion = 10.0.40219.1
Project("{FAE04EC0-301F-11D3-BF4B-00C04F79EFBC}") = "Quiz", "Quiz\Quiz.csproj", "{B7373B84-6925-499F-84BE-F8F1372C425A}"
EndProject
Global
	GlobalSection(SolutionConfigurationPlatforms) = preSolution
		Debug|Any CPU = Debug|Any CPU
		Release|Any CPU = Release|Any CPU
	EndGlobalSection
	GlobalSection(ProjectConfigurationPlatforms) = postSolution
		{B7373B84-6925-499F-84BE-F8F1372C425A}.Debug|Any CPU.ActiveCfg = Debug|Any CPU
		{B7373B84-6925-499F-84BE-F8F1372C425A}.Debug|Any CPU.Build.0 = Debug|Any CPU
		{B7373B84-6925-499F-84BE-F8F1372C425A}.Release|Any CPU.ActiveCfg = Release|Any CPU
		{B7373B84-6925-499F-84BE-F8F1372C425A}.Release|Any CPU.Build.0 = Release|Any CPU
	EndGlobalSection
	GlobalSection(SolutionProperties) = preSolution
		HideSolutionNode = FALSE
	EndGlobalSection
	GlobalSection(ExtensibilityGlobals) = postSolution
		SolutionGuid = {6FCE5DC9-D7A6-47EC-99CE-642A8A1A4242}
	EndGlobalSection
EndGlobal
